// !$*UTF8*$!
{
	archiveVersion = 1;
	classes = {
	};
	objectVersion = 46;
	objects = {

/* Begin PBXBuildFile section */
		EFCE4CF41F14A2DB0070BAB7 /* main.m in Sources */ = {isa = PBXBuildFile; fileRef = EFCE4CF31F14A2DB0070BAB7 /* main.m */; };
/* End PBXBuildFile section */

/* Begin PBXCopyFilesBuildPhase section */
		EFCE4CEE1F14A2DB0070BAB7 /* CopyFiles */ = {
			isa = PBXCopyFilesBuildPhase;
			buildActionMask = 2147483647;
			dstPath = /usr/share/man/man1/;
			dstSubfolderSpec = 0;
			files = (
			);
			runOnlyForDeploymentPostprocessing = 1;
		};
/* End PBXCopyFilesBuildPhase section */

/* Begin PBXFileReference section */
		EFCE4CF01F14A2DB0070BAB7 /* OCAlgorithmic */ = {isa = PBXFileReference; explicitFileType = "compiled.mach-o.executable"; includeInIndex = 0; path = OCAlgorithmic; sourceTree = BUILT_PRODUCTS_DIR; };
		EFCE4CF31F14A2DB0070BAB7 /* main.m */ = {isa = PBXFileReference; lastKnownFileType = sourcecode.c.objc; path = main.m; sourceTree = "<group>"; };
/* End PBXFileReference section */

/* Begin PBXFrameworksBuildPhase section */
		EFCE4CED1F14A2DB0070BAB7 /* Frameworks */ = {
			isa = PBXFrameworksBuildPhase;
			buildActionMask = 2147483647;
			files = (
			);
			runOnlyForDeploymentPostprocessing = 0;
		};
/* End PBXFrameworksBuildPhase section */

/* Begin PBXGroup section */
		EFCE4CE71F14A2DB0070BAB7 = {
			isa = PBXGroup;
			children = (
				EFCE4CF21F14A2DB0070BAB7 /* OCAlgorithmic */,
				EFCE4CF11F14A2DB0070BAB7 /* Products */,
			);
			sourceTree = "<group>";
		};
		EFCE4CF11F14A2DB0070BAB7 /* Products */ = {
			isa = PBXGroup;
			children = (
				EFCE4CF01F14A2DB0070BAB7 /* OCAlgorithmic */,
			);
			name = Products;
			sourceTree = "<group>";
		};
		EFCE4CF21F14A2DB0070BAB7 /* OCAlgorithmic */ = {
			isa = PBXGroup;
			children = (
				EFCE4CF31F14A2DB0070BAB7 /* main.m */,
			);
			path = OCAlgorithmic;
			sourceTree = "<group>";
		};
/* End PBXGroup section */

/* Begin PBXNativeTarget section */
		EFCE4CEF1F14A2DB0070BAB7 /* OCAlgorithmic */ = {
			isa = PBXNativeTarget;
			buildConfigurationList = EFCE4CF71F14A2DB0070BAB7 /* Build configuration list for PBXNativeTarget "OCAlgorithmic" */;
			buildPhases = (
				EFCE4CEC1F14A2DB0070BAB7 /* Sources */,
				EFCE4CED1F14A2DB0070BAB7 /* Frameworks */,
				EFCE4CEE1F14A2DB0070BAB7 /* CopyFiles */,
			);
			buildRules = (
			);
			dependencies = (
			);
			name = OCAlgorithmic;
			productName = OCAlgorithmic;
			productReference = EFCE4CF01F14A2DB0070BAB7 /* OCAlgorithmic */;
			productType = "com.apple.product-type.tool";
		};
/* End PBXNativeTarget section */

/* Begin PBXProject section */
		EFCE4CE81F14A2DB0070BAB7 /* Project object */ = {
			isa = PBXProject;
			attributes = {
				LastUpgradeCheck = 0820;
				ORGANIZATIONNAME = chenyun;
				TargetAttributes = {
					EFCE4CEF1F14A2DB0070BAB7 = {
						CreatedOnToolsVersion = 8.2.1;
						DevelopmentTeam = 5Q8U25E8KT;
						ProvisioningStyle = Automatic;
					};
				};
			};
			buildConfigurationList = EFCE4CEB1F14A2DB0070BAB7 /* Build configuration list for PBXProject "OCAlgorithmic" */;
			compatibilityVersion = "Xcode 3.2";
			developmentRegion = English;
			hasScannedForEncodings = 0;
			knownRegions = (
				en,
			);
			mainGroup = EFCE4CE71F14A2DB0070BAB7;
			productRefGroup = EFCE4CF11F14A2DB0070BAB7 /* Products */;
			projectDirPath = "";
			projectRoot = "";
			targets = (
				EFCE4CEF1F14A2DB0070BAB7 /* OCAlgorithmic */,
			);
		};
/* End PBXProject section */

/* Begin PBXSourcesBuildPhase section */
		EFCE4CEC1F14A2DB0070BAB7 /* Sources */ = {
			isa = PBXSourcesBuildPhase;
			buildActionMask = 2147483647;
			files = (
				EFCE4CF41F14A2DB0070BAB7 /* main.m in Sources */,
			);
			runOnlyForDeploymentPostprocessing = 0;
		};
/* End PBXSourcesBuildPhase section */

/* Begin XCBuildConfiguration section */
		EFCE4CF51F14A2DB0070BAB7 /* Debug */ = {
			isa = XCBuildConfiguration;
			buildSettings = {
				ALWAYS_SEARCH_USER_PATHS = NO;
				CLANG_ANALYZER_NONNULL = YES;
				CLANG_CXX_LANGUAGE_STANDARD = "gnu++0x";
				CLANG_CXX_LIBRARY = "libc++";
				CLANG_ENABLE_MODULES = YES;
				CLANG_ENABLE_OBJC_ARC = YES;
				CLANG_WARN_BOOL_CONVERSION = YES;
				CLANG_WARN_CONSTANT_CONVERSION = YES;
				CLANG_WARN_DIRECT_OBJC_ISA_USAGE = YES_ERROR;
				CLANG_WARN_DOCUMENTATION_COMMENTS = YES;
				CLANG_WARN_EMPTY_BODY = YES;
				CLANG_WARN_ENUM_CONVERSION = YES;
				CLANG_WARN_INFINITE_RECURSION = YES;
				CLANG_WARN_INT_CONVERSION = YES;
				CLANG_WARN_OBJC_ROOT_CLASS = YES_ERROR;
				CLANG_WARN_SUSPICIOUS_MOVE = YES;
				CLANG_WARN_UNREACHABLE_CODE = YES;
				CLANG_WARN__DUPLICATE_METHOD_MATCH = YES;
				CODE_SIGN_IDENTITY = "-";
				COPY_PHASE_STRIP = NO;
				DEBUG_INFORMATION_FORMAT = dwarf;
				ENABLE_STRICT_OBJC_MSGSEND = YES;
				ENABLE_TESTABILITY = YES;
				GCC_C_LANGUAGE_STANDARD = gnu99;
				GCC_DYNAMIC_NO_PIC = NO;
				GCC_NO_COMMON_BLOCKS = YES;
				GCC_OPTIMIZATION_LEVEL = 0;
				GCC_PREPROCESSOR_DEFINITIONS = (
					"DEBUG=1",
					"$(inherited)",
				);
				GCC_WARN_64_TO_32_BIT_CONVERSION = YES;
				GCC_WARN_ABOUT_RETURN_TYPE = YES_ERROR;
				GCC_WARN_UNDECLARED_SELECTOR = YES;
				GCC_WARN_UNINITIALIZED_AUTOS = YES_AGGRESSIVE;
				GCC_WARN_UNUSED_FUNCTION = YES;
				GCC_WARN_UNUSED_VARIABLE = YES;
				MACOSX_DEPLOYMENT_TARGET = 10.12;
				MTL_ENABLE_DEBUG_INFO = YES;
				ONLY_ACTIVE_ARCH = YES;
				SDKROOT = macosx;
			};
			name = Debug;
		};
		EFCE4CF61F14A2DB0070BAB7 /* Release */ = {
			isa = XCBuildConfiguration;
			buildSettings = {
				ALWAYS_SEARCH_USER_PATHS = NO;
				CLANG_ANALYZER_NONNULL = YES;
				CLANG_CXX_LANGUAGE_STANDARD = "gnu++0x";
				CLANG_CXX_LIBRARY = "libc++";
				CLANG_ENABLE_MODULES = YES;
				CLANG_ENABLE_OBJC_ARC = YES;
				CLANG_WARN_BOOL_CONVERSION = YES;
				CLANG_WARN_CONSTANT_CONVERSION = YES;
				CLANG_WARN_DIRECT_OBJC_ISA_USAGE = YES_ERROR;
				CLANG_WARN_DOCUMENTATION_COMMENTS = YES;
				CLANG_WARN_EMPTY_BODY = YES;
				CLANG_WARN_ENUM_CONVERSION = YES;
				CLANG_WARN_INFINITE_RECURSION = YES;
				CLANG_WARN_INT_CONVERSION = YES;
				CLANG_WARN_OBJC_ROOT_CLASS = YES_ERROR;
				CLANG_WARN_SUSPICIOUS_MOVE = YES;
				CLANG_WARN_UNREACHABLE_CODE = YES;
				CLANG_WARN__DUPLICATE_METHOD_MATCH = YES;
				CODE_SIGN_IDENTITY = "-";
				COPY_PHASE_STRIP = NO;
				DEBUG_INFORMATION_FORMAT = "dwarf-with-dsym";
				ENABLE_NS_ASSERTIONS = NO;
				ENABLE_STRICT_OBJC_MSGSEND = YES;
				GCC_C_LANGUAGE_STANDARD = gnu99;
				GCC_NO_COMMON_BLOCKS = YES;
				GCC_WARN_64_TO_32_BIT_CONVERSION = YES;
				GCC_WARN_ABOUT_RETURN_TYPE = YES_ERROR;
				GCC_WARN_UNDECLARED_SELECTOR = YES;
				GCC_WARN_UNINITIALIZED_AUTOS = YES_AGGRESSIVE;
				GCC_WARN_UNUSED_FUNCTION = YES;
				GCC_WARN_UNUSED_VARIABLE = YES;
				MACOSX_DEPLOYMENT_TARGET = 10.12;
				MTL_ENABLE_DEBUG_INFO = NO;
				SDKROOT = macosx;
			};
			name = Release;
		};
		EFCE4CF81F14A2DB0070BAB7 /* Debug */ = {
			isa = XCBuildConfiguration;
			buildSettings = {
				DEVELOPMENT_TEAM = 5Q8U25E8KT;
				PRODUCT_NAME = "$(TARGET_NAME)";
			};
			name = Debug;
		};
		EFCE4CF91F14A2DB0070BAB7 /* Release */ = {
			isa = XCBuildConfiguration;
			buildSettings = {
				DEVELOPMENT_TEAM = 5Q8U25E8KT;
				PRODUCT_NAME = "$(TARGET_NAME)";
			};
			name = Release;
		};
/* End XCBuildConfiguration section */

/* Begin XCConfigurationList section */
		EFCE4CEB1F14A2DB0070BAB7 /* Build configuration list for PBXProject "OCAlgorithmic" */ = {
			isa = XCConfigurationList;
			buildConfigurations = (
				EFCE4CF51F14A2DB0070BAB7 /* Debug */,
				EFCE4CF61F14A2DB0070BAB7 /* Release */,
			);
			defaultConfigurationIsVisible = 0;
			defaultConfigurationName = Release;
		};
		EFCE4CF71F14A2DB0070BAB7 /* Build configuration list for PBXNativeTarget "OCAlgorithmic" */ = {
			isa = XCConfigurationList;
			buildConfigurations = (
				EFCE4CF81F14A2DB0070BAB7 /* Debug */,
				EFCE4CF91F14A2DB0070BAB7 /* Release */,
			);
			defaultConfigurationIsVisible = 0;
		};
/* End XCConfigurationList section */
	};
	rootObject = EFCE4CE81F14A2DB0070BAB7 /* Project object */;
}
